
Microsoft Visual Studio Solution File, Format Version 12.00
# Visual Studio Version 17
VisualStudioVersion = 17.11.35219.272
MinimumVisualStudioVersion = 10.0.40219.1
Project("{FAE04EC0-301F-11D3-BF4B-00C04F79EFBC}") = "WebApplication1", "WebApplication1\WebApplication1.csproj", "{2D4B78F5-2595-41FA-87DE-D45335CFF39B}"
EndProject
Global
	GlobalSection(SolutionConfigurationPlatforms) = preSolution
		Debug|Any CPU = Debug|Any CPU
		Release|Any CPU = Release|Any CPU
	EndGlobalSection
	GlobalSection(ProjectConfigurationPlatforms) = postSolution
		{2D4B78F5-2595-41FA-87DE-D45335CFF39B}.Debug|Any CPU.ActiveCfg = Debug|Any CPU
		{2D4B78F5-2595-41FA-87DE-D45335CFF39B}.Debug|Any CPU.Build.0 = Debug|Any CPU
		{2D4B78F5-2595-41FA-87DE-D45335CFF39B}.Release|Any CPU.ActiveCfg = Release|Any CPU
		{2D4B78F5-2595-41FA-87DE-D45335CFF39B}.Release|Any CPU.Build.0 = Release|Any CPU
	EndGlobalSection
	GlobalSection(SolutionProperties) = preSolution
		HideSolutionNode = FALSE
	EndGlobalSection
	GlobalSection(ExtensibilityGlobals) = postSolution
		SolutionGuid = {C3BB7A85-F2BE-440D-9350-E84036C4AE22}
	EndGlobalSection
EndGlobal
